
Microsoft Visual Studio Solution File, Format Version 12.00
# Visual Studio 2012
Project("{FAE04EC0-301F-11D3-BF4B-00C04F79EFBC}") = "RxTest.Core", "RxTest\RxTest.Core.csproj", "{533B02EE-AE1A-4BA0-A0B8-E2961C9118FF}"
EndProject
Project("{FAE04EC0-301F-11D3-BF4B-00C04F79EFBC}") = "RxTest.Wpf", "RxTest.Wpf\RxTest.Wpf.csproj", "{7F619964-CC09-4F57-811E-EAE2B2ABAFF9}"
EndProject
Project("{FAE04EC0-301F-11D3-BF4B-00C04F79EFBC}") = "RxTest.Cmd", "RxTest.Cmd\RxTest.Cmd.csproj", "{E8820EB7-1657-4E67-90B6-05B5F6301126}"
EndProject
Project("{FAE04EC0-301F-11D3-BF4B-00C04F79EFBC}") = "RxTest.Test", "RxTest.Test\RxTest.Test.csproj", "{A78AB269-64B6-4D2E-A946-140401A10009}"
EndProject
Project("{FAE04EC0-301F-11D3-BF4B-00C04F79EFBC}") = "RxTest.Droid", "RxTest.Droid\RxTest.Droid.csproj", "{B5E1C9A9-5A7C-47F6-9874-28E6C90CCE0D}"
EndProject
Global
	GlobalSection(SolutionConfigurationPlatforms) = preSolution
		Debug|Any CPU = Debug|Any CPU
		Release|Any CPU = Release|Any CPU
	EndGlobalSection
	GlobalSection(ProjectConfigurationPlatforms) = postSolution
		{533B02EE-AE1A-4BA0-A0B8-E2961C9118FF}.Debug|Any CPU.ActiveCfg = Debug|Any CPU
		{533B02EE-AE1A-4BA0-A0B8-E2961C9118FF}.Debug|Any CPU.Build.0 = Debug|Any CPU
		{533B02EE-AE1A-4BA0-A0B8-E2961C9118FF}.Release|Any CPU.ActiveCfg = Release|Any CPU
		{533B02EE-AE1A-4BA0-A0B8-E2961C9118FF}.Release|Any CPU.Build.0 = Release|Any CPU
		{7F619964-CC09-4F57-811E-EAE2B2ABAFF9}.Debug|Any CPU.ActiveCfg = Debug|Any CPU
		{7F619964-CC09-4F57-811E-EAE2B2ABAFF9}.Debug|Any CPU.Build.0 = Debug|Any CPU
		{7F619964-CC09-4F57-811E-EAE2B2ABAFF9}.Release|Any CPU.ActiveCfg = Release|Any CPU
		{7F619964-CC09-4F57-811E-EAE2B2ABAFF9}.Release|Any CPU.Build.0 = Release|Any CPU
		{E8820EB7-1657-4E67-90B6-05B5F6301126}.Debug|Any CPU.ActiveCfg = Debug|Any CPU
		{E8820EB7-1657-4E67-90B6-05B5F6301126}.Debug|Any CPU.Build.0 = Debug|Any CPU
		{E8820EB7-1657-4E67-90B6-05B5F6301126}.Release|Any CPU.ActiveCfg = Release|Any CPU
		{E8820EB7-1657-4E67-90B6-05B5F6301126}.Release|Any CPU.Build.0 = Release|Any CPU
		{A78AB269-64B6-4D2E-A946-140401A10009}.Debug|Any CPU.ActiveCfg = Debug|Any CPU
		{A78AB269-64B6-4D2E-A946-140401A10009}.Debug|Any CPU.Build.0 = Debug|Any CPU
		{A78AB269-64B6-4D2E-A946-140401A10009}.Release|Any CPU.ActiveCfg = Release|Any CPU
		{A78AB269-64B6-4D2E-A946-140401A10009}.Release|Any CPU.Build.0 = Release|Any CPU
		{B5E1C9A9-5A7C-47F6-9874-28E6C90CCE0D}.Debug|Any CPU.ActiveCfg = Debug|Any CPU
		{B5E1C9A9-5A7C-47F6-9874-28E6C90CCE0D}.Debug|Any CPU.Build.0 = Debug|Any CPU
		{B5E1C9A9-5A7C-47F6-9874-28E6C90CCE0D}.Debug|Any CPU.Deploy.0 = Debug|Any CPU
		{B5E1C9A9-5A7C-47F6-9874-28E6C90CCE0D}.Release|Any CPU.ActiveCfg = Release|Any CPU
		{B5E1C9A9-5A7C-47F6-9874-28E6C90CCE0D}.Release|Any CPU.Build.0 = Release|Any CPU
		{B5E1C9A9-5A7C-47F6-9874-28E6C90CCE0D}.Release|Any CPU.Deploy.0 = Release|Any CPU
	EndGlobalSection
	GlobalSection(SolutionProperties) = preSolution
		HideSolutionNode = FALSE
	EndGlobalSection
EndGlobal
